
Microsoft Visual Studio Solution File, Format Version 12.00
# Visual Studio Version 17
VisualStudioVersion = 17.7.34018.315
MinimumVisualStudioVersion = 10.0.40219.1
Project("{FAE04EC0-301F-11D3-BF4B-00C04F79EFBC}") = "GameSimulation", "GameSimulation\GameSimulation.csproj", "{AFFA9797-F222-4BDE-9137-E6E3C3C779BD}"
EndProject
Global
	GlobalSection(SolutionConfigurationPlatforms) = preSolution
		Debug|Any CPU = Debug|Any CPU
		Release|Any CPU = Release|Any CPU
	EndGlobalSection
	GlobalSection(ProjectConfigurationPlatforms) = postSolution
		{AFFA9797-F222-4BDE-9137-E6E3C3C779BD}.Debug|Any CPU.ActiveCfg = Debug|Any CPU
		{AFFA9797-F222-4BDE-9137-E6E3C3C779BD}.Debug|Any CPU.Build.0 = Debug|Any CPU
		{AFFA9797-F222-4BDE-9137-E6E3C3C779BD}.Release|Any CPU.ActiveCfg = Release|Any CPU
		{AFFA9797-F222-4BDE-9137-E6E3C3C779BD}.Release|Any CPU.Build.0 = Release|Any CPU
	EndGlobalSection
	GlobalSection(SolutionProperties) = preSolution
		HideSolutionNode = FALSE
	EndGlobalSection
	GlobalSection(ExtensibilityGlobals) = postSolution
		SolutionGuid = {74848671-6CCF-40B7-8838-2715FECDBC28}
	EndGlobalSection
EndGlobal
